
Microsoft Visual Studio Solution File, Format Version 12.00
# Visual Studio Version 16
VisualStudioVersion = 16.0.30804.86
MinimumVisualStudioVersion = 10.0.40219.1
Project("{8BC9CEB8-8B4A-11D0-8D11-00A0C91BC942}") = "TESTE", "TESTE.vcxproj", "{77DA0DF0-8101-45F0-A73F-CF9E3F9EF1E2}"
EndProject
Global
	GlobalSection(SolutionConfigurationPlatforms) = preSolution
		Debug|x64 = Debug|x64
		Debug|x86 = Debug|x86
		Release|x64 = Release|x64
		Release|x86 = Release|x86
	EndGlobalSection
	GlobalSection(ProjectConfigurationPlatforms) = postSolution
		{77DA0DF0-8101-45F0-A73F-CF9E3F9EF1E2}.Debug|x64.ActiveCfg = Debug|x64
		{77DA0DF0-8101-45F0-A73F-CF9E3F9EF1E2}.Debug|x64.Build.0 = Debug|x64
		{77DA0DF0-8101-45F0-A73F-CF9E3F9EF1E2}.Debug|x86.ActiveCfg = Debug|Win32
		{77DA0DF0-8101-45F0-A73F-CF9E3F9EF1E2}.Debug|x86.Build.0 = Debug|Win32
		{77DA0DF0-8101-45F0-A73F-CF9E3F9EF1E2}.Release|x64.ActiveCfg = Release|x64
		{77DA0DF0-8101-45F0-A73F-CF9E3F9EF1E2}.Release|x64.Build.0 = Release|x64
		{77DA0DF0-8101-45F0-A73F-CF9E3F9EF1E2}.Release|x86.ActiveCfg = Release|Win32
		{77DA0DF0-8101-45F0-A73F-CF9E3F9EF1E2}.Release|x86.Build.0 = Release|Win32
	EndGlobalSection
	GlobalSection(SolutionProperties) = preSolution
		HideSolutionNode = FALSE
	EndGlobalSection
	GlobalSection(ExtensibilityGlobals) = postSolution
		SolutionGuid = {FB9E5FCC-29B9-440E-8AAE-07A9ABD025E9}
	EndGlobalSection
EndGlobal
